# This file was autogenerated by uv via the following command:
#    uv pip compile requirements.txt -o requirements.lock
black==25.1.0
    # via -r requirements.txt
click==8.1.8
    # via black
iniconfig==2.1.0
    # via pytest
isort==6.0.1
    # via -r requirements.txt
mypy==1.15.0
    # via -r requirements.txt
mypy-extensions==1.1.0
    # via
    #   black
    #   mypy
packaging==25.0
    # via
    #   black
    #   pytest
pathspec==0.12.1
    # via black
platformdirs==4.3.7
    # via black
pluggy==1.5.0
    # via pytest
pytest==8.3.5
    # via -r requirements.txt
ruff==0.11.8
    # via -r requirements.txt
typing-extensions==4.13.2
    # via mypy
