# This file was autogenerated by uv via the following command:
#    uv pip compile requirements.txt -o requirements.lock
black==25.1.0
    # via -r requirements.txt
cfgv==3.4.0
    # via pre-commit
click==8.1.8
    # via black
distlib==0.3.9
    # via virtualenv
filelock==3.18.0
    # via virtualenv
identify==2.6.10
    # via pre-commit
iniconfig==2.1.0
    # via pytest
isort==6.0.1
    # via -r requirements.txt
mypy==1.15.0
    # via -r requirements.txt
mypy-extensions==1.1.0
    # via
    #   black
    #   mypy
nodeenv==1.9.1
    # via pre-commit
packaging==25.0
    # via
    #   black
    #   pytest
pathspec==0.12.1
    # via black
platformdirs==4.3.7
    # via
    #   black
    #   virtualenv
pluggy==1.5.0
    # via pytest
pre-commit==4.2.0
    # via -r requirements.txt
pytest==8.3.5
    # via -r requirements.txt
pyyaml==6.0.2
    # via pre-commit
ruff==0.11.8
    # via -r requirements.txt
typing-extensions==4.13.2
    # via mypy
virtualenv==20.31.1
    # via pre-commit
